
Microsoft Visual Studio Solution File, Format Version 12.00
# Visual Studio Version 17
VisualStudioVersion = 17.5.33502.453
MinimumVisualStudioVersion = 10.0.40219.1
Project("{9A19103F-16F7-4668-BE54-9A1E7A4F7556}") = "webapi", "webapi\webapi.csproj", "{7A4B3AE0-71F9-43D5-BE10-7C99A93AB592}"
EndProject
Project("{FAE04EC0-301F-11D3-BF4B-00C04F79EFBC}") = "auth", "auth\auth.csproj", "{4BAC2F7B-80E6-4512-B02C-F0FA80BCB4A2}"
EndProject
Global
	GlobalSection(SolutionConfigurationPlatforms) = preSolution
		Debug|Any CPU = Debug|Any CPU
		Release|Any CPU = Release|Any CPU
	EndGlobalSection
	GlobalSection(ProjectConfigurationPlatforms) = postSolution
		{FA3B3389-FED9-4DA1-87D4-F1C25E91ECBB}.Debug|Any CPU.ActiveCfg = Debug|Any CPU
		{FA3B3389-FED9-4DA1-87D4-F1C25E91ECBB}.Debug|Any CPU.Build.0 = Debug|Any CPU
		{FA3B3389-FED9-4DA1-87D4-F1C25E91ECBB}.Debug|Any CPU.Deploy.0 = Debug|Any CPU
		{FA3B3389-FED9-4DA1-87D4-F1C25E91ECBB}.Release|Any CPU.ActiveCfg = Release|Any CPU
		{FA3B3389-FED9-4DA1-87D4-F1C25E91ECBB}.Release|Any CPU.Build.0 = Release|Any CPU
		{FA3B3389-FED9-4DA1-87D4-F1C25E91ECBB}.Release|Any CPU.Deploy.0 = Release|Any CPU
		{7A4B3AE0-71F9-43D5-BE10-7C99A93AB592}.Debug|Any CPU.ActiveCfg = Debug|Any CPU
		{7A4B3AE0-71F9-43D5-BE10-7C99A93AB592}.Debug|Any CPU.Build.0 = Debug|Any CPU
		{7A4B3AE0-71F9-43D5-BE10-7C99A93AB592}.Release|Any CPU.ActiveCfg = Release|Any CPU
		{7A4B3AE0-71F9-43D5-BE10-7C99A93AB592}.Release|Any CPU.Build.0 = Release|Any CPU
		{6E2B8C34-7224-48B5-8554-C85E4FEDCBBA}.Debug|Any CPU.ActiveCfg = Debug|Any CPU
		{6E2B8C34-7224-48B5-8554-C85E4FEDCBBA}.Debug|Any CPU.Build.0 = Debug|Any CPU
		{6E2B8C34-7224-48B5-8554-C85E4FEDCBBA}.Release|Any CPU.ActiveCfg = Release|Any CPU
		{6E2B8C34-7224-48B5-8554-C85E4FEDCBBA}.Release|Any CPU.Build.0 = Release|Any CPU
		{4BAC2F7B-80E6-4512-B02C-F0FA80BCB4A2}.Debug|Any CPU.ActiveCfg = Debug|Any CPU
		{4BAC2F7B-80E6-4512-B02C-F0FA80BCB4A2}.Debug|Any CPU.Build.0 = Debug|Any CPU
		{4BAC2F7B-80E6-4512-B02C-F0FA80BCB4A2}.Release|Any CPU.ActiveCfg = Release|Any CPU
		{4BAC2F7B-80E6-4512-B02C-F0FA80BCB4A2}.Release|Any CPU.Build.0 = Release|Any CPU
	EndGlobalSection
	GlobalSection(SolutionProperties) = preSolution
		HideSolutionNode = FALSE
	EndGlobalSection
	GlobalSection(ExtensibilityGlobals) = postSolution
		SolutionGuid = {BD0BBDB6-4182-4C03-9002-E36A4B342DE5}
	EndGlobalSection
EndGlobal
